<?xml version="1.0" encoding="utf-8"?>
<Project ToolsVersion="4.0" xmlns="http://schemas.microsoft.com/developer/msbuild/2003">
  <ItemGroup>
    <Filter Include="Giga">
      <UniqueIdentifier>{BDCA857C-A901-870D-52EE-6C103E04030F}</UniqueIdentifier>
    </Filter>
  </ItemGroup>
  <ItemGroup>
    <ClInclude Include="src\Giga.h" />
    <ClInclude Include="src\Giga\Application.h">
      <Filter>Giga</Filter>
    </ClInclude>
    <ClInclude Include="src\Giga\Core.h">
      <Filter>Giga</Filter>
    </ClInclude>
    <ClInclude Include="src\Giga\EntryPoint.h">
      <Filter>Giga</Filter>
    </ClInclude>
    <ClInclude Include="src\Giga\Log.h">
      <Filter>Giga</Filter>
    </ClInclude>
  </ItemGroup>
  <ItemGroup>
    <ClCompile Include="src\Giga\Application.cpp">
      <Filter>Giga</Filter>
    </ClCompile>
    <ClCompile Include="src\Giga\Log.cpp">
      <Filter>Giga</Filter>
    </ClCompile>
  </ItemGroup>
</Project>